
Microsoft Visual Studio Solution File, Format Version 12.00
# Visual Studio Version 17
VisualStudioVersion = 17.3.32929.385
MinimumVisualStudioVersion = 10.0.40219.1
Project("{9A19103F-16F7-4668-BE54-9A1E7A4F7556}") = "Week_6", "Week_6\Week_6.csproj", "{F17E48BE-F299-45E9-BF3A-C08D5BF2B51D}"
EndProject
Project("{9A19103F-16F7-4668-BE54-9A1E7A4F7556}") = "Week_6_Lab", "Week_6_Lab\Week_6_Lab.csproj", "{70E24CEF-F099-466E-A14B-64D4EE94ADE9}"
EndProject
Project("{9A19103F-16F7-4668-BE54-9A1E7A4F7556}") = "Week_2", "Week_2\Week_2.csproj", "{7E766515-01B9-47FB-BBA3-A869E7D21B16}"
EndProject
Project("{9A19103F-16F7-4668-BE54-9A1E7A4F7556}") = "Week_3", "Week_3\Week_3.csproj", "{DF105F3C-E580-487E-B510-27A1DF015721}"
EndProject
Project("{9A19103F-16F7-4668-BE54-9A1E7A4F7556}") = "Week_4", "Week_4\Week_4.csproj", "{9FC93674-C1C6-49B3-B718-56DCD5ECFC75}"
EndProject
Project("{9A19103F-16F7-4668-BE54-9A1E7A4F7556}") = "Week_5", "Week_5\Week_5.csproj", "{33D40A61-C152-4317-9CD6-4AD8E7533B87}"
EndProject
Project("{9A19103F-16F7-4668-BE54-9A1E7A4F7556}") = "Week_2_HomeWork", "Week_2_HomeWork\Week_2_HomeWork.csproj", "{34E22906-D789-45FE-8974-19FDB4AEF278}"
EndProject
Project("{9A19103F-16F7-4668-BE54-9A1E7A4F7556}") = "Week_3_HomeWork", "Week_3_HomeWork\Week_3_HomeWork.csproj", "{9D5C144B-9D39-4D67-8A99-432C1DE22B8F}"
EndProject
Project("{2150E333-8FDC-42A3-9474-1A3956D46DE8}") = "Week_4_HomeWork", "Week_4_HomeWork", "{966FECCE-C9E0-40F8-8C6A-5E71A78FFC33}"
EndProject
Project("{FAE04EC0-301F-11D3-BF4B-00C04F79EFBC}") = "Week_10", "Week_10\Week_10.csproj", "{95256302-1666-4C32-8EC9-16D828AF3097}"
EndProject
Global
	GlobalSection(SolutionConfigurationPlatforms) = preSolution
		Debug|Any CPU = Debug|Any CPU
		Release|Any CPU = Release|Any CPU
	EndGlobalSection
	GlobalSection(ProjectConfigurationPlatforms) = postSolution
		{F17E48BE-F299-45E9-BF3A-C08D5BF2B51D}.Debug|Any CPU.ActiveCfg = Debug|Any CPU
		{F17E48BE-F299-45E9-BF3A-C08D5BF2B51D}.Debug|Any CPU.Build.0 = Debug|Any CPU
		{F17E48BE-F299-45E9-BF3A-C08D5BF2B51D}.Release|Any CPU.ActiveCfg = Release|Any CPU
		{F17E48BE-F299-45E9-BF3A-C08D5BF2B51D}.Release|Any CPU.Build.0 = Release|Any CPU
		{70E24CEF-F099-466E-A14B-64D4EE94ADE9}.Debug|Any CPU.ActiveCfg = Debug|Any CPU
		{70E24CEF-F099-466E-A14B-64D4EE94ADE9}.Debug|Any CPU.Build.0 = Debug|Any CPU
		{70E24CEF-F099-466E-A14B-64D4EE94ADE9}.Release|Any CPU.ActiveCfg = Release|Any CPU
		{70E24CEF-F099-466E-A14B-64D4EE94ADE9}.Release|Any CPU.Build.0 = Release|Any CPU
		{7E766515-01B9-47FB-BBA3-A869E7D21B16}.Debug|Any CPU.ActiveCfg = Debug|Any CPU
		{7E766515-01B9-47FB-BBA3-A869E7D21B16}.Debug|Any CPU.Build.0 = Debug|Any CPU
		{7E766515-01B9-47FB-BBA3-A869E7D21B16}.Release|Any CPU.ActiveCfg = Release|Any CPU
		{7E766515-01B9-47FB-BBA3-A869E7D21B16}.Release|Any CPU.Build.0 = Release|Any CPU
		{DF105F3C-E580-487E-B510-27A1DF015721}.Debug|Any CPU.ActiveCfg = Debug|Any CPU
		{DF105F3C-E580-487E-B510-27A1DF015721}.Debug|Any CPU.Build.0 = Debug|Any CPU
		{DF105F3C-E580-487E-B510-27A1DF015721}.Release|Any CPU.ActiveCfg = Release|Any CPU
		{DF105F3C-E580-487E-B510-27A1DF015721}.Release|Any CPU.Build.0 = Release|Any CPU
		{9FC93674-C1C6-49B3-B718-56DCD5ECFC75}.Debug|Any CPU.ActiveCfg = Debug|Any CPU
		{9FC93674-C1C6-49B3-B718-56DCD5ECFC75}.Debug|Any CPU.Build.0 = Debug|Any CPU
		{9FC93674-C1C6-49B3-B718-56DCD5ECFC75}.Release|Any CPU.ActiveCfg = Release|Any CPU
		{9FC93674-C1C6-49B3-B718-56DCD5ECFC75}.Release|Any CPU.Build.0 = Release|Any CPU
		{33D40A61-C152-4317-9CD6-4AD8E7533B87}.Debug|Any CPU.ActiveCfg = Debug|Any CPU
		{33D40A61-C152-4317-9CD6-4AD8E7533B87}.Debug|Any CPU.Build.0 = Debug|Any CPU
		{33D40A61-C152-4317-9CD6-4AD8E7533B87}.Release|Any CPU.ActiveCfg = Release|Any CPU
		{33D40A61-C152-4317-9CD6-4AD8E7533B87}.Release|Any CPU.Build.0 = Release|Any CPU
		{34E22906-D789-45FE-8974-19FDB4AEF278}.Debug|Any CPU.ActiveCfg = Debug|Any CPU
		{34E22906-D789-45FE-8974-19FDB4AEF278}.Debug|Any CPU.Build.0 = Debug|Any CPU
		{34E22906-D789-45FE-8974-19FDB4AEF278}.Release|Any CPU.ActiveCfg = Release|Any CPU
		{34E22906-D789-45FE-8974-19FDB4AEF278}.Release|Any CPU.Build.0 = Release|Any CPU
		{9D5C144B-9D39-4D67-8A99-432C1DE22B8F}.Debug|Any CPU.ActiveCfg = Debug|Any CPU
		{9D5C144B-9D39-4D67-8A99-432C1DE22B8F}.Debug|Any CPU.Build.0 = Debug|Any CPU
		{9D5C144B-9D39-4D67-8A99-432C1DE22B8F}.Release|Any CPU.ActiveCfg = Release|Any CPU
		{9D5C144B-9D39-4D67-8A99-432C1DE22B8F}.Release|Any CPU.Build.0 = Release|Any CPU
		{95256302-1666-4C32-8EC9-16D828AF3097}.Debug|Any CPU.ActiveCfg = Debug|Any CPU
		{95256302-1666-4C32-8EC9-16D828AF3097}.Debug|Any CPU.Build.0 = Debug|Any CPU
		{95256302-1666-4C32-8EC9-16D828AF3097}.Release|Any CPU.ActiveCfg = Release|Any CPU
		{95256302-1666-4C32-8EC9-16D828AF3097}.Release|Any CPU.Build.0 = Release|Any CPU
	EndGlobalSection
	GlobalSection(SolutionProperties) = preSolution
		HideSolutionNode = FALSE
	EndGlobalSection
	GlobalSection(ExtensibilityGlobals) = postSolution
		SolutionGuid = {4DEC98B9-F3CF-4B43-BF15-7170383F8622}
	EndGlobalSection
EndGlobal
