
Microsoft Visual Studio Solution File, Format Version 12.00
# Visual Studio Version 17
VisualStudioVersion = 17.3.32929.385
MinimumVisualStudioVersion = 10.0.40219.1
Project("{9A19103F-16F7-4668-BE54-9A1E7A4F7556}") = "Week_6", "Week_6\Week_6.csproj", "{F17E48BE-F299-45E9-BF3A-C08D5BF2B51D}"
EndProject
Project("{9A19103F-16F7-4668-BE54-9A1E7A4F7556}") = "Week_6_Lab", "Week_6_Lab\Week_6_Lab.csproj", "{70E24CEF-F099-466E-A14B-64D4EE94ADE9}"
EndProject
Project("{FAE04EC0-301F-11D3-BF4B-00C04F79EFBC}") = "Week_2", "Week_2\Week_2.csproj", "{7E766515-01B9-47FB-BBA3-A869E7D21B16}"
EndProject
Project("{FAE04EC0-301F-11D3-BF4B-00C04F79EFBC}") = "Week_3", "Week_3\Week_3.csproj", "{DF105F3C-E580-487E-B510-27A1DF015721}"
EndProject
Global
	GlobalSection(SolutionConfigurationPlatforms) = preSolution
		Debug|Any CPU = Debug|Any CPU
		Release|Any CPU = Release|Any CPU
	EndGlobalSection
	GlobalSection(ProjectConfigurationPlatforms) = postSolution
		{F17E48BE-F299-45E9-BF3A-C08D5BF2B51D}.Debug|Any CPU.ActiveCfg = Debug|Any CPU
		{F17E48BE-F299-45E9-BF3A-C08D5BF2B51D}.Debug|Any CPU.Build.0 = Debug|Any CPU
		{F17E48BE-F299-45E9-BF3A-C08D5BF2B51D}.Release|Any CPU.ActiveCfg = Release|Any CPU
		{F17E48BE-F299-45E9-BF3A-C08D5BF2B51D}.Release|Any CPU.Build.0 = Release|Any CPU
		{70E24CEF-F099-466E-A14B-64D4EE94ADE9}.Debug|Any CPU.ActiveCfg = Debug|Any CPU
		{70E24CEF-F099-466E-A14B-64D4EE94ADE9}.Debug|Any CPU.Build.0 = Debug|Any CPU
		{70E24CEF-F099-466E-A14B-64D4EE94ADE9}.Release|Any CPU.ActiveCfg = Release|Any CPU
		{70E24CEF-F099-466E-A14B-64D4EE94ADE9}.Release|Any CPU.Build.0 = Release|Any CPU
		{7E766515-01B9-47FB-BBA3-A869E7D21B16}.Debug|Any CPU.ActiveCfg = Debug|Any CPU
		{7E766515-01B9-47FB-BBA3-A869E7D21B16}.Debug|Any CPU.Build.0 = Debug|Any CPU
		{7E766515-01B9-47FB-BBA3-A869E7D21B16}.Release|Any CPU.ActiveCfg = Release|Any CPU
		{7E766515-01B9-47FB-BBA3-A869E7D21B16}.Release|Any CPU.Build.0 = Release|Any CPU
		{DF105F3C-E580-487E-B510-27A1DF015721}.Debug|Any CPU.ActiveCfg = Debug|Any CPU
		{DF105F3C-E580-487E-B510-27A1DF015721}.Debug|Any CPU.Build.0 = Debug|Any CPU
		{DF105F3C-E580-487E-B510-27A1DF015721}.Release|Any CPU.ActiveCfg = Release|Any CPU
		{DF105F3C-E580-487E-B510-27A1DF015721}.Release|Any CPU.Build.0 = Release|Any CPU
	EndGlobalSection
	GlobalSection(SolutionProperties) = preSolution
		HideSolutionNode = FALSE
	EndGlobalSection
	GlobalSection(ExtensibilityGlobals) = postSolution
		SolutionGuid = {4DEC98B9-F3CF-4B43-BF15-7170383F8622}
	EndGlobalSection
EndGlobal
